{
  "name": "issuedemo",
  "version": "1.0.0",
  "lockfileVersion": 3,
  "requires": true,
  "packages": {
    "": {
      "name": "issuedemo",
      "version": "1.0.0",
      "license": "MIT",
      "dependencies": {
        "node-emoji": "^1.11.0"
      }
    },
    "node_modules/lodash": {
      "version": "4.17.21",
      "license": "MIT"
    },
    "node_modules/node-emoji": {
      "version": "1.11.0",
      "license": "MIT",
      "dependencies": {
        "lodash": "^4.17.21"
      }
    }
  }
}
